
Microsoft Visual Studio Solution File, Format Version 12.00
# Visual Studio Version 17
VisualStudioVersion = 17.9.34902.65
MinimumVisualStudioVersion = 10.0.40219.1
Project("{FAE04EC0-301F-11D3-BF4B-00C04F79EFBC}") = "Hash z textu GUI", "Hash z textu GUI.csproj", "{7B46D671-DCC0-4C09-B92A-B35E158DAC96}"
EndProject
Global
	GlobalSection(SolutionConfigurationPlatforms) = preSolution
		Debug|Any CPU = Debug|Any CPU
		Release|Any CPU = Release|Any CPU
	EndGlobalSection
	GlobalSection(ProjectConfigurationPlatforms) = postSolution
		{7B46D671-DCC0-4C09-B92A-B35E158DAC96}.Debug|Any CPU.ActiveCfg = Debug|Any CPU
		{7B46D671-DCC0-4C09-B92A-B35E158DAC96}.Debug|Any CPU.Build.0 = Debug|Any CPU
		{7B46D671-DCC0-4C09-B92A-B35E158DAC96}.Release|Any CPU.ActiveCfg = Release|Any CPU
		{7B46D671-DCC0-4C09-B92A-B35E158DAC96}.Release|Any CPU.Build.0 = Release|Any CPU
	EndGlobalSection
	GlobalSection(SolutionProperties) = preSolution
		HideSolutionNode = FALSE
	EndGlobalSection
	GlobalSection(ExtensibilityGlobals) = postSolution
		SolutionGuid = {7FD36E40-880A-47B0-8541-A29A68821F17}
	EndGlobalSection
EndGlobal
