
Microsoft Visual Studio Solution File, Format Version 12.00
# Visual Studio Version 17
VisualStudioVersion = 17.10.35122.118
MinimumVisualStudioVersion = 10.0.40219.1
Project("{FAE04EC0-301F-11D3-BF4B-00C04F79EFBC}") = "Průhledná aplikace", "Průhledná aplikace.csproj", "{7850811E-ADAD-43DE-A2F5-7C5326C10228}"
EndProject
Global
	GlobalSection(SolutionConfigurationPlatforms) = preSolution
		Debug|Any CPU = Debug|Any CPU
		Release|Any CPU = Release|Any CPU
	EndGlobalSection
	GlobalSection(ProjectConfigurationPlatforms) = postSolution
		{7850811E-ADAD-43DE-A2F5-7C5326C10228}.Debug|Any CPU.ActiveCfg = Debug|Any CPU
		{7850811E-ADAD-43DE-A2F5-7C5326C10228}.Debug|Any CPU.Build.0 = Debug|Any CPU
		{7850811E-ADAD-43DE-A2F5-7C5326C10228}.Release|Any CPU.ActiveCfg = Release|Any CPU
		{7850811E-ADAD-43DE-A2F5-7C5326C10228}.Release|Any CPU.Build.0 = Release|Any CPU
	EndGlobalSection
	GlobalSection(SolutionProperties) = preSolution
		HideSolutionNode = FALSE
	EndGlobalSection
	GlobalSection(ExtensibilityGlobals) = postSolution
		SolutionGuid = {B28475D1-E8F1-4F47-B831-F34A66ED9307}
	EndGlobalSection
EndGlobal
